{
  "requires": true,
  "lockfileVersion": 1,
  "dependencies": {
    "deepmerge": {
      "version": "2.2.1",
      "resolved": "https://registry.npmjs.org/deepmerge/-/deepmerge-2.2.1.tgz",
      "integrity": "sha512-R9hc1Xa/NOBi9WRVUWg19rl1UB7Tt4kuPd+thNJgFZoxXsTz7ncaPaeIm+40oSGuP33DfMb4sZt1QIGiJzC4EA=="
    },
    "lodash.isplainobject": {
      "version": "4.0.6",
      "resolved": "https://registry.npmjs.org/lodash.isplainobject/-/lodash.isplainobject-4.0.6.tgz",
      "integrity": "sha1-fFJqUtibRcRcxpC4gWO+BJf1UMs="
    },
    "object-assign": {
      "version": "4.1.1",
      "resolved": "https://registry.npmjs.org/object-assign/-/object-assign-4.1.1.tgz",
      "integrity": "sha1-IQmtx5ZYh8/AXLvUQsrIv7s2CGM="
    },
    "vue-meta": {
      "version": "1.5.6",
      "resolved": "https://registry.npmjs.org/vue-meta/-/vue-meta-1.5.6.tgz",
      "integrity": "sha512-0MK3VGtAeZvGBkWmvCIsTE3LzoXvfbbduF1vbNOa491tYw7E1IlLMsmdr0DNypIdrFGS4NmOajVMJcDXCSp2VA==",
      "requires": {
        "deepmerge": "^2.2.1",
        "lodash.isplainobject": "^4.0.6",
        "object-assign": "^4.1.1"
      }
    }
  }
}
